
Microsoft Visual Studio Solution File, Format Version 12.00
# Visual Studio Version 17
VisualStudioVersion = 17.0.31808.319
MinimumVisualStudioVersion = 10.0.40219.1
Project("{9A19103F-16F7-4668-BE54-9A1E7A4F7556}") = "DotJEM.Pipelines", "DotJEM.Pipelines\DotJEM.Pipelines.csproj", "{F92AC093-7334-416C-8623-B9B5D2AC556F}"
EndProject
Project("{9A19103F-16F7-4668-BE54-9A1E7A4F7556}") = "DotJEM.Pipelines.Test", "DotJEM.Pipelines.Test\DotJEM.Pipelines.Test.csproj", "{67F07A85-6046-45C5-AAC2-D96076E7BC8D}"
EndProject
Project("{FAE04EC0-301F-11D3-BF4B-00C04F79EFBC}") = "DotJEM.Pipelines.Benchmarks", "DotJEM.Pipelines.Benchmarks\DotJEM.Pipelines.Benchmarks.csproj", "{A93E6F23-2671-41E6-B89E-BF458EF9B1A8}"
EndProject
Global
	GlobalSection(SolutionConfigurationPlatforms) = preSolution
		Debug|Any CPU = Debug|Any CPU
		Release|Any CPU = Release|Any CPU
	EndGlobalSection
	GlobalSection(ProjectConfigurationPlatforms) = postSolution
		{F92AC093-7334-416C-8623-B9B5D2AC556F}.Debug|Any CPU.ActiveCfg = Debug|Any CPU
		{F92AC093-7334-416C-8623-B9B5D2AC556F}.Debug|Any CPU.Build.0 = Debug|Any CPU
		{F92AC093-7334-416C-8623-B9B5D2AC556F}.Release|Any CPU.ActiveCfg = Release|Any CPU
		{F92AC093-7334-416C-8623-B9B5D2AC556F}.Release|Any CPU.Build.0 = Release|Any CPU
		{67F07A85-6046-45C5-AAC2-D96076E7BC8D}.Debug|Any CPU.ActiveCfg = Debug|Any CPU
		{67F07A85-6046-45C5-AAC2-D96076E7BC8D}.Debug|Any CPU.Build.0 = Debug|Any CPU
		{67F07A85-6046-45C5-AAC2-D96076E7BC8D}.Release|Any CPU.ActiveCfg = Release|Any CPU
		{67F07A85-6046-45C5-AAC2-D96076E7BC8D}.Release|Any CPU.Build.0 = Release|Any CPU
		{A93E6F23-2671-41E6-B89E-BF458EF9B1A8}.Debug|Any CPU.ActiveCfg = Debug|Any CPU
		{A93E6F23-2671-41E6-B89E-BF458EF9B1A8}.Debug|Any CPU.Build.0 = Debug|Any CPU
		{A93E6F23-2671-41E6-B89E-BF458EF9B1A8}.Release|Any CPU.ActiveCfg = Release|Any CPU
		{A93E6F23-2671-41E6-B89E-BF458EF9B1A8}.Release|Any CPU.Build.0 = Release|Any CPU
	EndGlobalSection
	GlobalSection(SolutionProperties) = preSolution
		HideSolutionNode = FALSE
	EndGlobalSection
	GlobalSection(ExtensibilityGlobals) = postSolution
		SolutionGuid = {5D2A30C2-B9E3-457E-B439-4107C77211F5}
	EndGlobalSection
EndGlobal
